cel.dev/expr v0.24.0 h1:56OvJKSH3hDGL0ml5uSxZmz3/3Pq4tJ+fb1unVLAFcY=
cel.dev/expr v0.24.0/go.mod h1:hLPLo1W4QUmuYdA72RBX06QTs6MXw941piREPl3Yfiw=
cloud.google.com/go v0.123.0 h1:2NAUJwPR47q+E35uaJeYoNhuNEM9kM8SjgRgdeOJUSE=
cloud.google.com/go v0.123.0/go.mod h1:xBoMV08QcqUGuPW65Qfm1o9Y4zKZBpGS+7bImXLTAZU=
cloud.google.com/go/auth v0.17.0 h1:74yCm7hCj2rUyyAocqnFzsAYXgJhrG26XCFimrc/Kz4=
cloud.google.com/go/auth v0.17.0/go.mod h1:6wv/t5/6rOPAX4fJiRjKkJCvswLwdet7G8+UGXt7nCQ=
cloud.google.com/go/auth/oauth2adapt v0.2.8 h1:keo8NaayQZ6wimpNSmW5OPc283g65QNIiLpZnkHRbnc=
cloud.google.com/go/auth/oauth2adapt v0.2.8/go.mod h1:XQ9y31RkqZCcwJWNSx2Xvric3RrU88hAYYbjDWYDL+c=
cloud.google.com/go/compute/metadata v0.9.0 h1:pDUj4QMoPejqq20dK0Pg2N4yG9zIkYGdBtwLoEkH9Zs=
cloud.google.com/go/compute/metadata v0.9.0/go.mod h1:E0bWwX5wTnLPedCKqk3pJmVgCBSM6qQI1yTBdEb3C10=
cloud.google.com/go/iam v1.5.3 h1:+vMINPiDF2ognBJ97ABAYYwRgsaqxPbQDlMnbHMjolc=
cloud.google.com/go/iam v1.5.3/go.mod h1:MR3v9oLkZCTlaqljW6Eb2d3HGDGK5/bDv93jhfISFvU=
cloud.google.com/go/logging v1.13.0 h1:7j0HgAp0B94o1YRDqiqm26w4q1rDMH7XNRU34lJXHYc=
cloud.google.com/go/logging v1.13.0/go.mod h1:36CoKh6KA/M0PbhPKMq6/qety2DCAErbhXT62TuXALA=
cloud.google.com/go/longrunning v0.7.0 h1:FV0+SYF1RIj59gyoWDRi45GiYUMM3K1qO51qoboQT1E=
cloud.google.com/go/longrunning v0.7.0/go.mod h1:ySn2yXmjbK9Ba0zsQqunhDkYi0+9rlXIwnoAf+h+TPY=
cloud.google.com/go/monitoring v1.24.2 h1:5OTsoJ1dXYIiMiuL+sYscLc9BumrL3CarVLL7dd7lHM=
cloud.google.com/go/monitoring v1.24.2/go.mod h1:x7yzPWcgDRnPEv3sI+jJGBkwl5qINf+6qY4eq0I9B4U=
cloud.google.com/go/storage v1.58.0 h1:PflFXlmFJjG/nBeR9B7pKddLQWaFaRWx4uUi/LyNxxo=
cloud.google.com/go/storage v1.58.0/go.mod h1:cMWbtM+anpC74gn6qjLh+exqYcfmB9Hqe5z6adx+CLI=
cloud.google.com/go/trace v1.11.6 h1:2O2zjPzqPYAHrn3OKl029qlqG6W8ZdYaOWRyr8NgMT4=
cloud.google.com/go/trace v1.11.6/go.mod h1:GA855OeDEBiBMzcckLPE2kDunIpC72N+Pq8WFieFjnI=
filippo.io/edwards25519 v1.1.0 h1:FNf4tywRC1HmFuKW5xopWpigGjJKiJSV0Cqo0cJWDaA=
filippo.io/edwards25519 v1.1.0/go.mod h1:BxyFTGdWcka3PhytdK4V28tE5sGfRvvvRV7EaN4VDT4=
github.com/Azure/azure-sdk-for-go/sdk/azcore v1.20.0 h1:JXg2dwJUmPB9JmtVmdEB16APJ7jurfbY5jnfXpJoRMc=
github.com/Azure/azure-sdk-for-go/sdk/azcore v1.20.0/go.mod h1:YD5h/ldMsG0XiIw7PdyNhLxaM317eFh5yNLccNfGdyw=
github.com/Azure/azure-sdk-for-go/sdk/azidentity v1.13.1 h1:Hk5QBxZQC1jb2Fwj6mpzme37xbCDdNTxU7O9eb5+LB4=
github.com/Azure/azure-sdk-for-go/sdk/azidentity v1.13.1/go.mod h1:IYus9qsFobWIc2YVwe/WPjcnyCkPKtnHAqUYeebc8z0=
github.com/Azure/azure-sdk-for-go/sdk/azidentity/cache v0.3.2 h1:yz1bePFlP5Vws5+8ez6T3HWXPmwOK7Yvq8QxDBD3SKY=
github.com/Azure/azure-sdk-for-go/sdk/azidentity/cache v0.3.2/go.mod h1:Pa9ZNPuoNu/GztvBSKk9J1cDJW6vk/n0zLtV4mgd8N8=
github.com/Azure/azure-sdk-for-go/sdk/internal v1.11.2 h1:9iefClla7iYpfYWdzPCRDozdmndjTm8DXdpCzPajMgA=
github.com/Azure/azure-sdk-for-go/sdk/internal v1.11.2/go.mod h1:XtLgD3ZD34DAaVIIAyG3objl5DynM3CQ/vMcbBNJZGI=
github.com/Azure/azure-sdk-for-go/sdk/resourcemanager/storage/armstorage v1.8.1 h1:/Zt+cDPnpC3OVDm/JKLOs7M2DKmLRIIp3XIx9pHHiig=
github.com/Azure/azure-sdk-for-go/sdk/resourcemanager/storage/armstorage v1.8.1/go.mod h1:Ng3urmn6dYe8gnbCMoHHVl5APYz2txho3koEkV2o2HA=
github.com/Azure/azure-sdk-for-go/sdk/storage/azblob v1.6.3 h1:ZJJNFaQ86GVKQ9ehwqyAFE6pIfyicpuJ8IkVaPBc6/4=
github.com/Azure/azure-sdk-for-go/sdk/storage/azblob v1.6.3/go.mod h1:URuDvhmATVKqHBH9/0nOiNKk0+YcwfQ3WkK5PqHKxc8=
github.com/AzureAD/microsoft-authentication-extensions-for-go/cache v0.1.1 h1:WJTmL004Abzc5wDB5VtZG2PJk5ndYDgVacGqfirKxjM=
github.com/AzureAD/microsoft-authentication-extensions-for-go/cache v0.1.1/go.mod h1:tCcJZ0uHAmvjsVYzEFivsRTN00oz5BEsRgQHu5JZ9WE=
github.com/AzureAD/microsoft-authentication-library-for-go v1.6.0 h1:XRzhVemXdgvJqCH0sFfrBUTnUJSBrBf7++ypk+twtRs=
github.com/AzureAD/microsoft-authentication-library-for-go v1.6.0/go.mod h1:HKpQxkWaGLJ+D/5H8QRpyQXA1eKjxkFlOMwck5+33Jk=
github.com/GoogleCloudPlatform/opentelemetry-operations-go/detectors/gcp v1.30.0 h1:sBEjpZlNHzK1voKq9695PJSX2o5NEXl7/OL3coiIY0c=
github.com/GoogleCloudPlatform/opentelemetry-operations-go/detectors/gcp v1.30.0/go.mod h1:P4WPRUkOhJC13W//jWpyfJNDAIpvRbAUIYLX/4jtlE0=
github.com/GoogleCloudPlatform/opentelemetry-operations-go/exporter/metric v0.54.0 h1:lhhYARPUu3LmHysQ/igznQphfzynnqI3D75oUyw1HXk=
github.com/GoogleCloudPlatform/opentelemetry-operations-go/exporter/metric v0.54.0/go.mod h1:l9rva3ApbBpEJxSNYnwT9N4CDLrWgtq3u8736C5hyJw=
github.com/GoogleCloudPlatform/opentelemetry-operations-go/internal/cloudmock v0.54.0 h1:xfK3bbi6F2RDtaZFtUdKO3osOBIhNb+xTs8lFW6yx9o=
github.com/GoogleCloudPlatform/opentelemetry-operations-go/internal/cloudmock v0.54.0/go.mod h1:vB2GH9GAYYJTO3mEn8oYwzEdhlayZIdQz6zdzgUIRvA=
github.com/GoogleCloudPlatform/opentelemetry-operations-go/internal/resourcemapping v0.54.0 h1:s0WlVbf9qpvkh1c/uDAPElam0WrL7fHRIidgZJ7UqZI=
github.com/GoogleCloudPlatform/opentelemetry-operations-go/internal/resourcemapping v0.54.0/go.mod h1:Mf6O40IAyB9zR/1J8nGDDPirZQQPbYJni8Yisy7NTMc=
github.com/aws/aws-sdk-go-v2 v1.41.0 h1:tNvqh1s+v0vFYdA1xq0aOJH+Y5cRyZ5upu6roPgPKd4=
github.com/aws/aws-sdk-go-v2 v1.41.0/go.mod h1:MayyLB8y+buD9hZqkCW3kX1AKq07Y5pXxtgB+rRFhz0=
github.com/aws/aws-sdk-go-v2/aws/protocol/eventstream v1.7.4 h1:489krEF9xIGkOaaX3CE/Be2uWjiXrkCH6gUX+bZA/BU=
github.com/aws/aws-sdk-go-v2/aws/protocol/eventstream v1.7.4/go.mod h1:IOAPF6oT9KCsceNTvvYMNHy0+kMF8akOjeDvPENWxp4=
github.com/aws/aws-sdk-go-v2/config v1.32.5 h1:pz3duhAfUgnxbtVhIK39PGF/AHYyrzGEyRD9Og0QrE8=
github.com/aws/aws-sdk-go-v2/config v1.32.5/go.mod h1:xmDjzSUs/d0BB7ClzYPAZMmgQdrodNjPPhd6bGASwoE=
github.com/aws/aws-sdk-go-v2/credentials v1.19.5 h1:xMo63RlqP3ZZydpJDMBsH9uJ10hgHYfQFIk1cHDXrR4=
github.com/aws/aws-sdk-go-v2/credentials v1.19.5/go.mod h1:hhbH6oRcou+LpXfA/0vPElh/e0M3aFeOblE1sssAAEk=
github.com/aws/aws-sdk-go-v2/feature/cloudfront/sign v1.9.16 h1:gMZxhZbwNZ06M8mZuPtm8il4ja1tPdHpmR/06BPsiVs=
github.com/aws/aws-sdk-go-v2/feature/cloudfront/sign v1.9.16/go.mod h1:C/AfwxExIK+HNxIMNGEya+HbSWbYAjc1UZpOEqXuE6E=
github.com/aws/aws-sdk-go-v2/feature/ec2/imds v1.18.16 h1:80+uETIWS1BqjnN9uJ0dBUaETh+P1XwFy5vwHwK5r9k=
github.com/aws/aws-sdk-go-v2/feature/ec2/imds v1.18.16/go.mod h1:wOOsYuxYuB/7FlnVtzeBYRcjSRtQpAW0hCP7tIULMwo=
github.com/aws/aws-sdk-go-v2/internal/configsources v1.4.16 h1:rgGwPzb82iBYSvHMHXc8h9mRoOUBZIGFgKb9qniaZZc=
github.com/aws/aws-sdk-go-v2/internal/configsources v1.4.16/go.mod h1:L/UxsGeKpGoIj6DxfhOWHWQ/kGKcd4I1VncE4++IyKA=
github.com/aws/aws-sdk-go-v2/internal/endpoints/v2 v2.7.16 h1:1jtGzuV7c82xnqOVfx2F0xmJcOw5374L7N6juGW6x6U=
github.com/aws/aws-sdk-go-v2/internal/endpoints/v2 v2.7.16/go.mod h1:M2E5OQf+XLe+SZGmmpaI2yy+J326aFf6/+54PoxSANc=
github.com/aws/aws-sdk-go-v2/internal/ini v1.8.4 h1:WKuaxf++XKWlHWu9ECbMlha8WOEGm0OUEZqm4K/Gcfk=
github.com/aws/aws-sdk-go-v2/internal/ini v1.8.4/go.mod h1:ZWy7j6v1vWGmPReu0iSGvRiise4YI5SkR3OHKTZ6Wuc=
github.com/aws/aws-sdk-go-v2/internal/v4a v1.4.16 h1:CjMzUs78RDDv4ROu3JnJn/Ig1r6ZD7/T2DXLLRpejic=
github.com/aws/aws-sdk-go-v2/internal/v4a v1.4.16/go.mod h1:uVW4OLBqbJXSHJYA9svT9BluSvvwbzLQ2Crf6UPzR3c=
github.com/aws/aws-sdk-go-v2/service/internal/accept-encoding v1.13.4 h1:0ryTNEdJbzUCEWkVXEXoqlXV72J5keC1GvILMOuD00E=
github.com/aws/aws-sdk-go-v2/service/internal/accept-encoding v1.13.4/go.mod h1:HQ4qwNZh32C3CBeO6iJLQlgtMzqeG17ziAA/3KDJFow=
github.com/aws/aws-sdk-go-v2/service/internal/checksum v1.9.7 h1:DIBqIrJ7hv+e4CmIk2z3pyKT+3B6qVMgRsawHiR3qso=
github.com/aws/aws-sdk-go-v2/service/internal/checksum v1.9.7/go.mod h1:vLm00xmBke75UmpNvOcZQ/Q30ZFjbczeLFqGx5urmGo=
github.com/aws/aws-sdk-go-v2/service/internal/presigned-url v1.13.16 h1:oHjJHeUy0ImIV0bsrX0X91GkV5nJAyv1l1CC9lnO0TI=
github.com/aws/aws-sdk-go-v2/service/internal/presigned-url v1.13.16/go.mod h1:iRSNGgOYmiYwSCXxXaKb9HfOEj40+oTKn8pTxMlYkRM=
github.com/aws/aws-sdk-go-v2/service/internal/s3shared v1.19.16 h1:NSbvS17MlI2lurYgXnCOLvCFX38sBW4eiVER7+kkgsU=
github.com/aws/aws-sdk-go-v2/service/internal/s3shared v1.19.16/go.mod h1:SwT8Tmqd4sA6G1qaGdzWCJN99bUmPGHfRwwq3G5Qb+A=
github.com/aws/aws-sdk-go-v2/service/route53 v1.62.0 h1:80pDB3Tpmb2RCSZORrK9/3iQxsd+w6vSzVqpT1FGiwE=
github.com/aws/aws-sdk-go-v2/service/route53 v1.62.0/go.mod h1:6EZUGGNLPLh5Unt30uEoA+KQcByERfXIkax9qrc80nA=
github.com/aws/aws-sdk-go-v2/service/s3 v1.94.0 h1:SWTxh/EcUCDVqi/0s26V6pVUq0BBG7kx0tDTmF/hCgA=
github.com/aws/aws-sdk-go-v2/service/s3 v1.94.0/go.mod h1:79S2BdqCJpScXZA2y+cpZuocWsjGjJINyXnOsf5DTz8=
github.com/aws/aws-sdk-go-v2/service/signin v1.0.4 h1:HpI7aMmJ+mm1wkSHIA2t5EaFFv5EFYXePW30p1EIrbQ=
github.com/aws/aws-sdk-go-v2/service/signin v1.0.4/go.mod h1:C5RdGMYGlfM0gYq/tifqgn4EbyX99V15P2V3R+VHbQU=
github.com/aws/aws-sdk-go-v2/service/sqs v1.42.20 h1:qa+1W+Kon3WDwO+8ugco4D9KvO0Pf0KBTn1hN7opIFw=
github.com/aws/aws-sdk-go-v2/service/sqs v1.42.20/go.mod h1:OG0Y3TgC+IeM++ngh+IcEkN24ruGsmRiAP8GUsOhMW8=
github.com/aws/aws-sdk-go-v2/service/sso v1.30.7 h1:eYnlt6QxnFINKzwxP5/Ucs1vkG7VT3Iezmvfgc2waUw=
github.com/aws/aws-sdk-go-v2/service/sso v1.30.7/go.mod h1:+fWt2UHSb4kS7Pu8y+BMBvJF0EWx+4H0hzNwtDNRTrg=
github.com/aws/aws-sdk-go-v2/service/ssooidc v1.35.12 h1:AHDr0DaHIAo8c9t1emrzAlVDFp+iMMKnPdYy6XO4MCE=
github.com/aws/aws-sdk-go-v2/service/ssooidc v1.35.12/go.mod h1:GQ73XawFFiWxyWXMHWfhiomvP3tXtdNar/fi8z18sx0=
github.com/aws/aws-sdk-go-v2/service/sts v1.41.5 h1:SciGFVNZ4mHdm7gpD1dgZYnCuVdX1s+lFTg4+4DOy70=
github.com/aws/aws-sdk-go-v2/service/sts v1.41.5/go.mod h1:iW40X4QBmUxdP+fZNOpfmkdMZqsovezbAeO+Ubiv2pk=
github.com/aws/smithy-go v1.24.0 h1:LpilSUItNPFr1eY85RYgTIg5eIEPtvFbskaFcmmIUnk=
github.com/aws/smithy-go v1.24.0/go.mod h1:LEj2LM3rBRQJxPZTB4KuzZkaZYnZPnvgIhb4pu07mx0=
github.com/beorn7/perks v1.0.1 h1:VlbKKnNfV8bJzeqoa4cOKqO6bYr3WgKZxO8Z16+hsOM=
github.com/beorn7/perks v1.0.1/go.mod h1:G2ZrVWU2WbWT9wwq4/hrbKbnv/1ERSJQ0ibhJ6rlkpw=
github.com/bsm/ginkgo/v2 v2.12.0 h1:Ny8MWAHyOepLGlLKYmXG4IEkioBysk6GpaRTLC8zwWs=
github.com/bsm/ginkgo/v2 v2.12.0/go.mod h1:SwYbGRRDovPVboqFv0tPTcG1sN61LM1Z4ARdbAV9g4c=
github.com/bsm/gomega v1.27.10 h1:yeMWxP2pV2fG3FgAODIY8EiRE3dy0aeFYt4l7wh6yKA=
github.com/bsm/gomega v1.27.10/go.mod h1:JyEr/xRbxbtgWNi8tIEVPUYZ5Dzef52k01W3YH0H+O0=
github.com/cespare/xxhash/v2 v2.3.0 h1:UL815xU9SqsFlibzuggzjXhog7bL6oX9BbNZnL2UFvs=
github.com/cespare/xxhash/v2 v2.3.0/go.mod h1:VGX0DQ3Q6kWi7AoAeZDth3/j3BFtOZR5XLFGgcrjCOs=
github.com/cncf/xds/go v0.0.0-20251022180443-0feb69152e9f h1:Y8xYupdHxryycyPlc9Y+bSQAYZnetRJ70VMVKm5CKI0=
github.com/cncf/xds/go v0.0.0-20251022180443-0feb69152e9f/go.mod h1:HlzOvOjVBOfTGSRXRyY0OiCS/3J1akRGQQpRO/7zyF4=
github.com/coder/websocket v1.8.14 h1:9L0p0iKiNOibykf283eHkKUHHrpG7f65OE3BhhO7v9g=
github.com/coder/websocket v1.8.14/go.mod h1:NX3SzP+inril6yawo5CQXx8+fk145lPDC6pumgx0mVg=
github.com/davecgh/go-spew v1.1.0/go.mod h1:J7Y8YcW2NihsgmVo/mv3lAwl/skON4iLHjSsI+c5H38=
github.com/davecgh/go-spew v1.1.1/go.mod h1:J7Y8YcW2NihsgmVo/mv3lAwl/skON4iLHjSsI+c5H38=
github.com/davecgh/go-spew v1.1.2-0.20180830191138-d8f796af33cc h1:U9qPSI2PIWSS1VwoXQT9A3Wy9MM3WgvqSxFWenqJduM=
github.com/davecgh/go-spew v1.1.2-0.20180830191138-d8f796af33cc/go.mod h1:J7Y8YcW2NihsgmVo/mv3lAwl/skON4iLHjSsI+c5H38=
github.com/dgryski/go-rendezvous v0.0.0-20200823014737-9f7001d12a5f h1:lO4WD4F/rVNCu3HqELle0jiPLLBs70cWOduZpkS1E78=
github.com/dgryski/go-rendezvous v0.0.0-20200823014737-9f7001d12a5f/go.mod h1:cuUVRXasLTGF7a8hSLbxyZXjz+1KgoB3wDUb6vlszIc=
github.com/dvyukov/go-fuzz v0.0.0-20200318091601-be3528f3a813/go.mod h1:11Gm+ccJnvAhCNLlf5+cS9KjtbaD5I5zaZpFMsTHWTw=
github.com/envoyproxy/go-control-plane v0.13.5-0.20251024222203-75eaa193e329 h1:K+fnvUM0VZ7ZFJf0n4L/BRlnsb9pL/GuDG6FqaH+PwM=
github.com/envoyproxy/go-control-plane v0.13.5-0.20251024222203-75eaa193e329/go.mod h1:Alz8LEClvR7xKsrq3qzoc4N0guvVNSS8KmSChGYr9hs=
github.com/envoyproxy/go-control-plane/envoy v1.35.0 h1:ixjkELDE+ru6idPxcHLj8LBVc2bFP7iBytj353BoHUo=
github.com/envoyproxy/go-control-plane/envoy v1.35.0/go.mod h1:09qwbGVuSWWAyN5t/b3iyVfz5+z8QWGrzkoqm/8SbEs=
github.com/envoyproxy/go-control-plane/ratelimit v0.1.0 h1:/G9QYbddjL25KvtKTv3an9lx6VBE2cnb8wp1vEGNYGI=
github.com/envoyproxy/go-control-plane/ratelimit v0.1.0/go.mod h1:Wk+tMFAFbCXaJPzVVHnPgRKdUdwW/KdbRt94AzgRee4=
github.com/envoyproxy/protoc-gen-validate v1.2.1 h1:DEo3O99U8j4hBFwbJfrz9VtgcDfUKS7KJ7spH3d86P8=
github.com/envoyproxy/protoc-gen-validate v1.2.1/go.mod h1:d/C80l/jxXLdfEIhX1W2TmLfsJ31lvEjwamM4DxlWXU=
github.com/felixge/httpsnoop v1.0.4 h1:NFTV2Zj1bL4mc9sqWACXbQFVBBg2W3GPvqp8/ESS2Wg=
github.com/felixge/httpsnoop v1.0.4/go.mod h1:m8KPJKqk1gH5J9DgRY2ASl2lWCfGKXixSwevea8zH2U=
github.com/frankban/quicktest v1.14.6 h1:7Xjx+VpznH+oBnejlPUj8oUpdxnVs4f8XU8WnHkI4W8=
github.com/frankban/quicktest v1.14.6/go.mod h1:4ptaffx2x8+WTWXmUCuVU6aPUX1/Mz7zb5vbUoiM6w0=
github.com/fsnotify/fsnotify v1.9.0 h1:2Ml+OJNzbYCTzsxtv8vKSFD9PbJjmhYF14k/jKC7S9k=
github.com/fsnotify/fsnotify v1.9.0/go.mod h1:8jBTzvmWwFyi3Pb8djgCCO5IBqzKJ/Jwo8TRcHyHii0=
github.com/go-chi/chi/v5 v5.2.3 h1:WQIt9uxdsAbgIYgid+BpYc+liqQZGMHRaUwp0JUcvdE=
github.com/go-chi/chi/v5 v5.2.3/go.mod h1:L2yAIGWB3H+phAw1NxKwWM+7eUH/lU8pOMm5hHcoops=
github.com/go-chi/cors v1.2.2 h1:Jmey33TE+b+rB7fT8MUy1u0I4L+NARQlK6LhzKPSyQE=
github.com/go-chi/cors v1.2.2/go.mod h1:sSbTewc+6wYHBBCW7ytsFSn836hqM7JxpglAy2Vzc58=
github.com/go-jose/go-jose/v4 v4.1.3 h1:CVLmWDhDVRa6Mi/IgCgaopNosCaHz7zrMeF9MlZRkrs=
github.com/go-jose/go-jose/v4 v4.1.3/go.mod h1:x4oUasVrzR7071A4TnHLGSPpNOm2a21K9Kf04k1rs08=
github.com/go-logr/logr v1.2.2/go.mod h1:jdQByPbusPIv2/zmleS9BjJVeZ6kBagPoEUsqbVz/1A=
github.com/go-logr/logr v1.4.3 h1:CjnDlHq8ikf6E492q6eKboGOC0T8CDaOvkHCIg8idEI=
github.com/go-logr/logr v1.4.3/go.mod h1:9T104GzyrTigFIr8wt5mBrctHMim0Nb2HLGrmQ40KvY=
github.com/go-logr/stdr v1.2.2 h1:hSWxHoqTgW2S2qGc0LTAI563KZ5YKYRhT3MFKZMbjag=
github.com/go-logr/stdr v1.2.2/go.mod h1:mMo/vtBO5dYbehREoey6XUKy/eSumjCCveDpRre4VKE=
github.com/go-sql-driver/mysql v1.9.3 h1:U/N249h2WzJ3Ukj8SowVFjdtZKfu9vlLZxjPXV1aweo=
github.com/go-sql-driver/mysql v1.9.3/go.mod h1:qn46aNg1333BRMNU69Lq93t8du/dwxI64Gl8i5p1WMU=
github.com/go-viper/mapstructure/v2 v2.4.0 h1:EBsztssimR/CONLSZZ04E8qAkxNYq4Qp9LvH92wZUgs=
github.com/go-viper/mapstructure/v2 v2.4.0/go.mod h1:oJDH3BJKyqBA2TXFhDsKDGDTlndYOZ6rGS0BRZIxGhM=
github.com/gogo/protobuf v1.3.2/go.mod h1:P1XiOD3dCwIKUDQYPy72D8LYyHL2YPYrpS2s69NZV8Q=
github.com/golang-jwt/jwt/v5 v5.3.0 h1:pv4AsKCKKZuqlgs5sUmn4x8UlGa0kEVt/puTpKx9vvo=
github.com/golang-jwt/jwt/v5 v5.3.0/go.mod h1:fxCRLWMO43lRc8nhHWY6LGqRcf+1gQWArsqaEUEa5bE=
github.com/golang/protobuf v1.5.0/go.mod h1:FsONVRAS9T7sI+LIUmWTfcYkHO4aIWwzhcaSAoJOfIk=
github.com/golang/protobuf v1.5.4 h1:i7eJL8qZTpSEXOPTxNKhASYpMn+8e5Q6AdndVa1dWek=
github.com/golang/protobuf v1.5.4/go.mod h1:lnTiLA8Wa4RWRcIUkrtSVa5nRhsEGBg48fD6rSs7xps=
github.com/golang/snappy v0.0.1/go.mod h1:/XxbfmMg8lxefKM7IXC3fBNl/7bRcc72aCRzEWrmP2Q=
github.com/golang/snappy v0.0.4 h1:yAGX7huGHXlcLOEtBnF4w7FQwA26wojNCwOYAEhLjQM=
github.com/golang/snappy v0.0.4/go.mod h1:/XxbfmMg8lxefKM7IXC3fBNl/7bRcc72aCRzEWrmP2Q=
github.com/google/go-cmp v0.5.2/go.mod h1:v8dTdLbMG2kIc/vJvl+f65V22dbkXbowE6jgT/gNBxE=
github.com/google/go-cmp v0.5.5/go.mod h1:v8dTdLbMG2kIc/vJvl+f65V22dbkXbowE6jgT/gNBxE=
github.com/google/go-cmp v0.7.0 h1:wk8382ETsv4JYUZwIsn6YpYiWiBsYLSJiTsyBybVuN8=
github.com/google/go-cmp v0.7.0/go.mod h1:pXiqmnSA92OHEEa9HXL2W4E7lf9JzCmGVUdgjX3N/iU=
github.com/google/martian/v3 v3.3.3 h1:DIhPTQrbPkgs2yJYdXU/eNACCG5DVQjySNRNlflZ9Fc=
github.com/google/martian/v3 v3.3.3/go.mod h1:iEPrYcgCF7jA9OtScMFQyAlZZ4YXTKEtJ1E6RWzmBA0=
github.com/google/s2a-go v0.1.9 h1:LGD7gtMgezd8a/Xak7mEWL0PjoTQFvpRudN895yqKW0=
github.com/google/s2a-go v0.1.9/go.mod h1:YA0Ei2ZQL3acow2O62kdp9UlnvMmU7kA6Eutn0dXayM=
github.com/google/uuid v1.6.0 h1:NIvaJDMOsjHA8n1jAhLSgzrAzy1Hgr+hNrb57e+94F0=
github.com/google/uuid v1.6.0/go.mod h1:TIyPZe4MgqvfeYDBFedMoGGpEw/LqOeaOT+nhxU+yHo=
github.com/googleapis/enterprise-certificate-proxy v0.3.7 h1:zrn2Ee/nWmHulBx5sAVrGgAa0f2/R35S4DJwfFaUPFQ=
github.com/googleapis/enterprise-certificate-proxy v0.3.7/go.mod h1:MkHOF77EYAE7qfSuSS9PU6g4Nt4e11cnsDUowfwewLA=
github.com/googleapis/gax-go/v2 v2.15.0 h1:SyjDc1mGgZU5LncH8gimWo9lW1DtIfPibOG81vgd/bo=
github.com/googleapis/gax-go/v2 v2.15.0/go.mod h1:zVVkkxAQHa1RQpg9z2AUCMnKhi0Qld9rcmyfL1OZhoc=
github.com/jackc/pgpassfile v1.0.0 h1:/6Hmqy13Ss2zCq62VdNG8tM1wchn8zjSGOBJ6icpsIM=
github.com/jackc/pgpassfile v1.0.0/go.mod h1:CEx0iS5ambNFdcRtxPj5JhEz+xB6uRky5eyVu/W2HEg=
github.com/jackc/pgservicefile v0.0.0-20240606120523-5a60cdf6a761 h1:iCEnooe7UlwOQYpKFhBabPMi4aNAfoODPEFNiAnClxo=
github.com/jackc/pgservicefile v0.0.0-20240606120523-5a60cdf6a761/go.mod h1:5TJZWKEWniPve33vlWYSoGYefn3gLQRzjfDlhSJ9ZKM=
github.com/jackc/pgx/v5 v5.7.6 h1:rWQc5FwZSPX58r1OQmkuaNicxdmExaEz5A2DO2hUuTk=
github.com/jackc/pgx/v5 v5.7.6/go.mod h1:aruU7o91Tc2q2cFp5h4uP3f6ztExVpyVv88Xl/8Vl8M=
github.com/jackc/puddle/v2 v2.2.2 h1:PR8nw+E/1w0GLuRFSmiioY6UooMp6KJv0/61nB7icHo=
github.com/jackc/puddle/v2 v2.2.2/go.mod h1:vriiEXHvEE654aYKXXjOvZM39qJ0q+azkZFrfEOc3H4=
github.com/joho/godotenv v1.5.1 h1:7eLL/+HRGLY0ldzfGMeQkb7vMd0as4CfYvUVzLqw0N0=
github.com/joho/godotenv v1.5.1/go.mod h1:f4LDr5Voq0i2e/R5DDNOoa2zzDfwtkZa6DnEwAbqwq4=
github.com/kardianos/service v1.2.4 h1:XNlGtZOYNx2u91urOdg/Kfmc+gfmuIo1Dd3rEi2OgBk=
github.com/kardianos/service v1.2.4/go.mod h1:E4V9ufUuY82F7Ztlu1eN9VXWIQxg8NoLQlmFe0MtrXc=
github.com/keybase/go-keychain v0.0.1 h1:way+bWYa6lDppZoZcgMbYsvC7GxljxrskdNInRtuthU=
github.com/keybase/go-keychain v0.0.1/go.mod h1:PdEILRW3i9D8JcdM+FmY6RwkHGnhHxXwkPPMeUgOK1k=
github.com/kisielk/errcheck v1.5.0/go.mod h1:pFxgyoBC7bSaBwPgfKdkLd5X25qrDl4LWUI2bnpBCr8=
github.com/kisielk/gotool v1.0.0/go.mod h1:XhKaO+MFFWcvkIS/tQcRk01m1F5IRFswLeQ+oQHNcck=
github.com/klauspost/compress v1.13.6/go.mod h1:/3/Vjq9QcHkK5uEr5lBEmyoZ1iFhe47etQ6QUkpK6sk=
github.com/klauspost/compress v1.18.0 h1:c/Cqfb0r+Yi+JtIEq73FWXVkRonBlf0CRNYc8Zttxdo=
github.com/klauspost/compress v1.18.0/go.mod h1:2Pp+KzxcywXVXMr50+X0Q/Lsb43OQHYWRCY2AiWywWQ=
github.com/kr/pretty v0.1.0/go.mod h1:dAy3ld7l9f0ibDNOQOHHMYYIIbhfbHSm3C4ZsoJORNo=
github.com/kr/pretty v0.3.1 h1:flRD4NNwYAUpkphVc1HcthR4KEIFJ65n8Mw5qdRn3LE=
github.com/kr/pretty v0.3.1/go.mod h1:hoEshYVHaxMs3cyo3Yncou5ZscifuDolrwPKZanG3xk=
github.com/kr/pty v1.1.1/go.mod h1:pFQYn66WHrOpPYNljwOMqo10TkYh1fy3cYio2l3bCsQ=
github.com/kr/text v0.1.0/go.mod h1:4Jbv+DJW3UT/LiOwJeYQe1efqtUx/iVham/4vfdArNI=
github.com/kr/text v0.2.0 h1:5Nx0Ya0ZqY2ygV366QzturHI13Jq95ApcVaJBhpS+AY=
github.com/kr/text v0.2.0/go.mod h1:eLer722TekiGuMkidMxC/pM04lWEeraHUUmBw8l2grE=
github.com/kylelemons/godebug v1.1.0 h1:RPNrshWIDI6G2gRW9EHilWtl7Z6Sb1BR0xunSBf0SNc=
github.com/kylelemons/godebug v1.1.0/go.mod h1:9/0rRGxNHcop5bhtWyNeEfOS8JIWk580+fNqagV/RAw=
github.com/loov/hrtime v1.0.3 h1:LiWKU3B9skJwRPUf0Urs9+0+OE3TxdMuiRPOTwR0gcU=
github.com/loov/hrtime v1.0.3/go.mod h1:yDY3Pwv2izeY4sq7YcPX/dtLwzg5NU1AxWuWxKwd0p0=
github.com/mattn/go-sqlite3 v1.14.32 h1:JD12Ag3oLy1zQA+BNn74xRgaBbdhbNIDYvQUEuuErjs=
github.com/mattn/go-sqlite3 v1.14.32/go.mod h1:Uh1q+B4BYcTPb+yiD3kU8Ct7aC0hY9fxUwlHK0RXw+Y=
github.com/mitchellh/mapstructure v1.5.0 h1:jeMsZIYE/09sWLaz43PL7Gy6RuMjD2eJVyuac5Z2hdY=
github.com/mitchellh/mapstructure v1.5.0/go.mod h1:bFUtVrKA4DC2yAKiSyO/QUcy7e+RRV2QTWOzhPopBRo=
github.com/montanaflynn/stats v0.0.0-20171201202039-1bf9dbcd8cbe/go.mod h1:wL8QJuTMNUDYhXwkmfOly8iTdp5TEcJFWZD2D7SIkUc=
github.com/montanaflynn/stats v0.7.1 h1:etflOAAHORrCC44V+aR6Ftzort912ZU+YLiSTuV8eaE=
github.com/montanaflynn/stats v0.7.1/go.mod h1:etXPPgVO6n31NxCd9KQUMvCM+ve0ruNzt6R8Bnaayow=
github.com/munnerz/goautoneg v0.0.0-20191010083416-a7dc8b61c822 h1:C3w9PqII01/Oq1c1nUAm88MOHcQC9l5mIlSMApZMrHA=
github.com/munnerz/goautoneg v0.0.0-20191010083416-a7dc8b61c822/go.mod h1:+n7T8mK8HuQTcFwEeznm/DIxMOiR9yIdICNftLE1DvQ=
github.com/oschwald/maxminddb-golang v1.13.1 h1:G3wwjdN9JmIK2o/ermkHM+98oX5fS+k5MbwsmL4MRQE=
github.com/oschwald/maxminddb-golang v1.13.1/go.mod h1:K4pgV9N/GcK694KSTmVSDTODk4IsCNThNdTmnaBZ/F8=
github.com/paulmach/orb v0.12.0 h1:z+zOwjmG3MyEEqzv92UN49Lg1JFYx0L9GpGKNVDKk1s=
github.com/paulmach/orb v0.12.0/go.mod h1:5mULz1xQfs3bmQm63QEJA6lNGujuRafwA5S/EnuLaLU=
github.com/paulmach/protoscan v0.2.1/go.mod h1:SpcSwydNLrxUGSDvXvO0P7g7AuhJ7lcKfDlhJCDw2gY=
github.com/pelletier/go-toml/v2 v2.2.4 h1:mye9XuhQ6gvn5h28+VilKrrPoQVanw5PMw/TB0t5Ec4=
github.com/pelletier/go-toml/v2 v2.2.4/go.mod h1:2gIqNv+qfxSVS7cM2xJQKtLSTLUE9V8t9Stt+h56mCY=
github.com/pkg/browser v0.0.0-20240102092130-5ac0b6a4141c h1:+mdjkGKdHQG3305AYmdv1U2eRNDiU2ErMBj1gwrq8eQ=
github.com/pkg/browser v0.0.0-20240102092130-5ac0b6a4141c/go.mod h1:7rwL4CYBLnjLxUqIJNnCWiEdr3bn6IUYi15bNlnbCCU=
github.com/pkg/errors v0.9.1/go.mod h1:bwawxfHBFNV+L2hUp1rHADufV3IMtnDRdf1r5NINEl0=
github.com/planetscale/vtprotobuf v0.6.1-0.20240319094008-0393e58bdf10 h1:GFCKgmp0tecUJ0sJuv4pzYCqS9+RGSn52M3FUwPs+uo=
github.com/planetscale/vtprotobuf v0.6.1-0.20240319094008-0393e58bdf10/go.mod h1:t/avpk3KcrXxUnYOhZhMXJlSEyie6gQbtLq5NM3loB8=
github.com/pmezard/go-difflib v1.0.0/go.mod h1:iKH77koFhYxTK1pcRnkKkqfTogsbg7gZNVY4sRDYZ/4=
github.com/pmezard/go-difflib v1.0.1-0.20181226105442-5d4384ee4fb2 h1:Jamvg5psRIccs7FGNTlIRMkT8wgtp5eCXdBlqhYGL6U=
github.com/pmezard/go-difflib v1.0.1-0.20181226105442-5d4384ee4fb2/go.mod h1:iKH77koFhYxTK1pcRnkKkqfTogsbg7gZNVY4sRDYZ/4=
github.com/prometheus/client_golang v1.23.2 h1:Je96obch5RDVy3FDMndoUsjAhG5Edi49h0RJWRi/o0o=
github.com/prometheus/client_golang v1.23.2/go.mod h1:Tb1a6LWHB3/SPIzCoaDXI4I8UHKeFTEQ1YCr+0Gyqmg=
github.com/prometheus/client_model v0.6.2 h1:oBsgwpGs7iVziMvrGhE53c/GrLUsZdHnqNwqPLxwZyk=
github.com/prometheus/client_model v0.6.2/go.mod h1:y3m2F6Gdpfy6Ut/GBsUqTWZqCUvMVzSfMLjcu6wAwpE=
github.com/prometheus/common v0.66.1 h1:h5E0h5/Y8niHc5DlaLlWLArTQI7tMrsfQjHV+d9ZoGs=
github.com/prometheus/common v0.66.1/go.mod h1:gcaUsgf3KfRSwHY4dIMXLPV0K/Wg1oZ8+SbZk/HH/dA=
github.com/prometheus/procfs v0.16.1 h1:hZ15bTNuirocR6u0JZ6BAHHmwS1p8B4P6MRqxtzMyRg=
github.com/prometheus/procfs v0.16.1/go.mod h1:teAbpZRB1iIAJYREa1LsoWUXykVXA1KlTmWl8x/U+Is=
github.com/rabbitmq/amqp091-go v1.10.0 h1:STpn5XsHlHGcecLmMFCtg7mqq0RnD+zFr4uzukfVhBw=
github.com/rabbitmq/amqp091-go v1.10.0/go.mod h1:Hy4jKW5kQART1u+JkDTF9YYOQUHXqMuhrgxOEeS7G4o=
github.com/redis/go-redis/v9 v9.17.2 h1:P2EGsA4qVIM3Pp+aPocCJ7DguDHhqrXNhVcEp4ViluI=
github.com/redis/go-redis/v9 v9.17.2/go.mod h1:u410H11HMLoB+TP67dz8rL9s6QW2j76l0//kSOd3370=
github.com/richardlehane/mscfb v1.0.4 h1:WULscsljNPConisD5hR0+OyZjwK46Pfyr6mPu5ZawpM=
github.com/richardlehane/mscfb v1.0.4/go.mod h1:YzVpcZg9czvAuhk9T+a3avCpcFPMUWm7gK3DypaEsUk=
github.com/richardlehane/msoleps v1.0.1/go.mod h1:BWev5JBpU9Ko2WAgmZEuiz4/u3ZYTKbjLycmwiWUfWg=
github.com/richardlehane/msoleps v1.0.4 h1:WuESlvhX3gH2IHcd8UqyCuFY5yiq/GR/yqaSM/9/g00=
github.com/richardlehane/msoleps v1.0.4/go.mod h1:BWev5JBpU9Ko2WAgmZEuiz4/u3ZYTKbjLycmwiWUfWg=
github.com/ringsaturn/go-cities.json v0.6.11 h1:Nf5z1+ShypeEjq+ihAS+Xj7uxXrTdMmzbEPVbFp4FZg=
github.com/ringsaturn/go-cities.json v0.6.11/go.mod h1:RWApnQPG6nU558XXbY1try5mi9u9Hd667J6vr948VBo=
github.com/ringsaturn/tzf v1.0.2 h1:MjC6aVvjcvGpq2/0sMqmGD/jPZfcXyvIf08mYaJfCSE=
github.com/ringsaturn/tzf v1.0.2/go.mod h1:U41Cwqo0V4cf86shaEHsmTYiArQxN2TCF+0xeJHJM2w=
github.com/ringsaturn/tzf-rel-lite v0.0.2025-b2 h1:jkUranZSHWhvl/f8iYNr0bcG9jeTcJCHq0jNwGVNqHE=
github.com/ringsaturn/tzf-rel-lite v0.0.2025-b2/go.mod h1:SyVF6OU+Le0vKajtTA7PvYabdYCJsDlmplHuXeCZDrw=
github.com/rogpeppe/go-internal v1.14.1 h1:UQB4HGPB6osV0SQTLymcB4TgvyWu6ZyliaW0tI/otEQ=
github.com/rogpeppe/go-internal v1.14.1/go.mod h1:MaRKkUm5W0goXpeCfT7UZI6fk/L7L7so1lCWt35ZSgc=
github.com/sagikazarmark/locafero v0.11.0 h1:1iurJgmM9G3PA/I+wWYIOw/5SyBtxapeHDcg+AAIFXc=
github.com/sagikazarmark/locafero v0.11.0/go.mod h1:nVIGvgyzw595SUSUE6tvCp3YYTeHs15MvlmU87WwIik=
github.com/sourcegraph/conc v0.3.1-0.20240121214520-5f936abd7ae8 h1:+jumHNA0Wrelhe64i8F6HNlS8pkoyMv5sreGx2Ry5Rw=
github.com/sourcegraph/conc v0.3.1-0.20240121214520-5f936abd7ae8/go.mod h1:3n1Cwaq1E1/1lhQhtRK2ts/ZwZEhjcQeJQ1RuC6Q/8U=
github.com/spf13/afero v1.15.0 h1:b/YBCLWAJdFWJTN9cLhiXXcD7mzKn9Dm86dNnfyQw1I=
github.com/spf13/afero v1.15.0/go.mod h1:NC2ByUVxtQs4b3sIUphxK0NioZnmxgyCrfzeuq8lxMg=
github.com/spf13/cast v1.10.0 h1:h2x0u2shc1QuLHfxi+cTJvs30+ZAHOGRic8uyGTDWxY=
github.com/spf13/cast v1.10.0/go.mod h1:jNfB8QC9IA6ZuY2ZjDp0KtFO2LZZlg4S/7bzP6qqeHo=
github.com/spf13/pflag v1.0.10 h1:4EBh2KAYBwaONj6b2Ye1GiHfwjqyROoF4RwYO+vPwFk=
github.com/spf13/pflag v1.0.10/go.mod h1:McXfInJRrz4CZXVZOBLb0bTZqETkiAhM9Iw0y3An2Bg=
github.com/spf13/viper v1.21.0 h1:x5S+0EU27Lbphp4UKm1C+1oQO+rKx36vfCoaVebLFSU=
github.com/spf13/viper v1.21.0/go.mod h1:P0lhsswPGWD/1lZJ9ny3fYnVqxiegrlNrEmgLjbTCAY=
github.com/spiffe/go-spiffe/v2 v2.6.0 h1:l+DolpxNWYgruGQVV0xsfeya3CsC7m8iBzDnMpsbLuo=
github.com/spiffe/go-spiffe/v2 v2.6.0/go.mod h1:gm2SeUoMZEtpnzPNs2Csc0D/gX33k1xIx7lEzqblHEs=
github.com/stretchr/objx v0.1.0/go.mod h1:HFkY916IF+rwdDfMAkV7OtwuqBVzrE8GR6GFx+wExME=
github.com/stretchr/objx v0.3.0/go.mod h1:qt09Ya8vawLte6SNmTgCsAVtYtaKzEcn8ATUoHMkEqE=
github.com/stretchr/testify v1.3.0/go.mod h1:M5WIy9Dh21IEIfnGCwXGc5bZfKNJtfHm1UVUgZn+9EI=
github.com/stretchr/testify v1.6.1/go.mod h1:6Fq8oRcR53rry900zMqJjRRixrwX3KX962/h/Wwjteg=
github.com/stretchr/testify v1.7.0/go.mod h1:6Fq8oRcR53rry900zMqJjRRixrwX3KX962/h/Wwjteg=
github.com/stretchr/testify v1.11.1 h1:7s2iGBzp5EwR7/aIZr8ao5+dra3wiQyKjjFuvgVKu7U=
github.com/stretchr/testify v1.11.1/go.mod h1:wZwfW3scLgRK+23gO65QZefKpKQRnfz6sD981Nm4B6U=
github.com/subosito/gotenv v1.6.0 h1:9NlTDc1FTs4qu0DDq7AEtTPNw6SVm7uBMsUCUjABIf8=
github.com/subosito/gotenv v1.6.0/go.mod h1:Dk4QP5c2W3ibzajGcXpNraDfq2IrhjMIvMSWPKKo0FU=
github.com/tidwall/cities v0.1.0 h1:CVNkmMf7NEC9Bvokf5GoSsArHCKRMTgLuubRTHnH0mE=
github.com/tidwall/cities v0.1.0/go.mod h1:lV/HDp2gCcRcHJWqgt6Di54GiDrTZwh1aG2ZUPNbqa4=
github.com/tidwall/geoindex v1.4.4/go.mod h1:rvVVNEFfkJVWGUdEfU8QaoOg/9zFX0h9ofWzA60mz1I=
github.com/tidwall/geoindex v1.7.0 h1:jtk41sfgwIt8MEDyC3xyKSj75iXXf6rjReJGDNPtR5o=
github.com/tidwall/geoindex v1.7.0/go.mod h1:rvVVNEFfkJVWGUdEfU8QaoOg/9zFX0h9ofWzA60mz1I=
github.com/tidwall/geojson v1.4.5 h1:BFVb5Pr7WZJMqFXy1LVudt5hPEWR3g4uhjk5Ezc3GzA=
github.com/tidwall/geojson v1.4.5/go.mod h1:1cn3UWfSYCJOq53NZoQ9rirdw89+DM0vw+ZOAVvuReg=
github.com/tidwall/gjson v1.12.1/go.mod h1:/wbyibRr2FHMks5tjHJ5F8dMZh3AcwJEMf5vlfC0lxk=
github.com/tidwall/lotsa v1.0.2/go.mod h1:X6NiU+4yHA3fE3Puvpnn1XMDrFZrE9JO2/w+UMuqgR8=
github.com/tidwall/lotsa v1.0.3 h1:lFAp3PIsS58FPmz+LzhE1mcZ67tBBCRPv5j66g6y7sg=
github.com/tidwall/lotsa v1.0.3/go.mod h1:cPF+z88hamDNDjvE+u3suxCtRMVw24Gvze9eeWGYook=
github.com/tidwall/match v1.1.1/go.mod h1:eRSPERbgtNPcGhD8UCthc6PmLEQXEWd3PRB5JTxsfmM=
github.com/tidwall/pretty v1.0.0/go.mod h1:XNkn88O1ChpSDQmQeStsy+sBenx6DDtFZJxhVysOjyk=
github.com/tidwall/pretty v1.2.0/go.mod h1:ITEVvHYasfjBbM0u2Pg8T2nJnzm8xPwvNhhsoaGGjNU=
github.com/tidwall/rtree v1.3.1/go.mod h1:S+JSsqPTI8LfWA4xHBo5eXzie8WJLVFeppAutSegl6M=
github.com/tidwall/rtree v1.10.0 h1:+EcI8fboEaW1L3/9oW/6AMoQ8HiEIHyR7bQOGnmz4Mg=
github.com/tidwall/rtree v1.10.0/go.mod h1:iDJQ9NBRtbfKkzZu02za+mIlaP+bjYPnunbSNidpbCQ=
github.com/tidwall/sjson v1.2.4/go.mod h1:098SZ494YoMWPmMO6ct4dcFnqxwj9r/gF0Etp19pSNM=
github.com/tiendc/go-deepcopy v1.7.1 h1:LnubftI6nYaaMOcaz0LphzwraqN8jiWTwm416sitff4=
github.com/tiendc/go-deepcopy v1.7.1/go.mod h1:4bKjNC2r7boYOkD2IOuZpYjmlDdzjbpTRyCx+goBCJQ=
github.com/twpayne/go-polyline v1.1.1 h1:/tSF1BR7rN4HWj4XKqvRUNrCiYVMCvywxTFVofvDV0w=
github.com/twpayne/go-polyline v1.1.1/go.mod h1:ybd9IWWivW/rlXPXuuckeKUyF3yrIim+iqA7kSl4NFY=
github.com/wneessen/go-mail v0.7.2 h1:xxPnhZ6IZLSgxShebmZ6DPKh1b6OJcoHfzy7UjOkzS8=
github.com/wneessen/go-mail v0.7.2/go.mod h1:+TkW6QP3EVkgTEqHtVmnAE/1MRhmzb8Y9/W3pweuS+k=
github.com/xdg-go/pbkdf2 v1.0.0 h1:Su7DPu48wXMwC3bs7MCNG+z4FhcyEuz5dlvchbq0B0c=
github.com/xdg-go/pbkdf2 v1.0.0/go.mod h1:jrpuAogTd400dnrH08LKmI/xc1MbPOebTwRqcT5RDeI=
github.com/xdg-go/scram v1.1.1/go.mod h1:RaEWvsqvNKKvBPvcKeFjrG2cJqOkHTiyTpzz23ni57g=
github.com/xdg-go/scram v1.1.2 h1:FHX5I5B4i4hKRVRBCFRxq1iQRej7WO3hhBuJf+UUySY=
github.com/xdg-go/scram v1.1.2/go.mod h1:RT/sEzTbU5y00aCK8UOx6R7YryM0iF1N2MOmC3kKLN4=
github.com/xdg-go/stringprep v1.0.3/go.mod h1:W3f5j4i+9rC0kuIEJL0ky1VpHXQU3ocBgklLGvcBnW8=
github.com/xdg-go/stringprep v1.0.4 h1:XLI/Ng3O1Atzq0oBs3TWm+5ZVgkq2aqdlvP9JtoZ6c8=
github.com/xdg-go/stringprep v1.0.4/go.mod h1:mPGuuIYwz7CmR2bT9j4GbQqutWS1zV24gijq1dTyGkM=
github.com/xuri/efp v0.0.1 h1:fws5Rv3myXyYni8uwj2qKjVaRP30PdjeYe2Y6FDsCL8=
github.com/xuri/efp v0.0.1/go.mod h1:ybY/Jr0T0GTCnYjKqmdwxyxn2BQf2RcQIIvex5QldPI=
github.com/xuri/excelize/v2 v2.10.0 h1:8aKsP7JD39iKLc6dH5Tw3dgV3sPRh8uRVXu/fMstfW4=
github.com/xuri/excelize/v2 v2.10.0/go.mod h1:SC5TzhQkaOsTWpANfm+7bJCldzcnU/jrhqkTi/iBHBU=
github.com/xuri/nfp v0.0.2-0.20250530014748-2ddeb826f9a9 h1:+C0TIdyyYmzadGaL/HBLbf3WdLgC29pgyhTjAT/0nuE=
github.com/xuri/nfp v0.0.2-0.20250530014748-2ddeb826f9a9/go.mod h1:WwHg+CVyzlv/TX9xqBFXEZAuxOPxn2k1GNHwG41IIUQ=
github.com/youmark/pkcs8 v0.0.0-20181117223130-1be2e3e5546d/go.mod h1:rHwXgn7JulP+udvsHwJoVG1YGAP6VLg4y9I5dyZdqmA=
github.com/youmark/pkcs8 v0.0.0-20240726163527-a2c0da244d78 h1:ilQV1hzziu+LLM3zUTJ0trRztfwgjqKnBWNtSRkbmwM=
github.com/youmark/pkcs8 v0.0.0-20240726163527-a2c0da244d78/go.mod h1:aL8wCCfTfSfmXjznFBSZNN13rSJjlIOI1fUNAtF7rmI=
github.com/yuin/goldmark v1.1.27/go.mod h1:3hX8gzYuyVAZsxl0MRgGTJEmQBFcNTphYh9decYSb74=
github.com/yuin/goldmark v1.2.1/go.mod h1:3hX8gzYuyVAZsxl0MRgGTJEmQBFcNTphYh9decYSb74=
github.com/yuin/goldmark v1.4.13/go.mod h1:6yULJ656Px+3vBD8DxQVa3kxgyrAnzto9xy5taEt/CY=
go.mongodb.org/mongo-driver v1.11.4/go.mod h1:PTSz5yu21bkT/wXpkS7WR5f0ddqw5quethTUn9WM+2g=
go.mongodb.org/mongo-driver v1.17.6 h1:87JUG1wZfWsr6rIz3ZmpH90rL5tea7O3IHuSwHUpsss=
go.mongodb.org/mongo-driver v1.17.6/go.mod h1:Hy04i7O2kC4RS06ZrhPRqj/u4DTYkFDAAccj+rVKqgQ=
go.opentelemetry.io/auto/sdk v1.2.1 h1:jXsnJ4Lmnqd11kwkBV2LgLoFMZKizbCi5fNZ/ipaZ64=
go.opentelemetry.io/auto/sdk v1.2.1/go.mod h1:KRTj+aOaElaLi+wW1kO/DZRXwkF4C5xPbEe3ZiIhN7Y=
go.opentelemetry.io/contrib/detectors/gcp v1.38.0 h1:ZoYbqX7OaA/TAikspPl3ozPI6iY6LiIY9I8cUfm+pJs=
go.opentelemetry.io/contrib/detectors/gcp v1.38.0/go.mod h1:SU+iU7nu5ud4oCb3LQOhIZ3nRLj6FNVrKgtflbaf2ts=
go.opentelemetry.io/contrib/instrumentation/google.golang.org/grpc/otelgrpc v0.63.0 h1:YH4g8lQroajqUwWbq/tr2QX1JFmEXaDLgG+ew9bLMWo=
go.opentelemetry.io/contrib/instrumentation/google.golang.org/grpc/otelgrpc v0.63.0/go.mod h1:fvPi2qXDqFs8M4B4fmJhE92TyQs9Ydjlg3RvfUp+NbQ=
go.opentelemetry.io/contrib/instrumentation/net/http/otelhttp v0.61.0 h1:F7Jx+6hwnZ41NSFTO5q4LYDtJRXBf2PD0rNBkeB/lus=
go.opentelemetry.io/contrib/instrumentation/net/http/otelhttp v0.61.0/go.mod h1:UHB22Z8QsdRDrnAtX4PntOl36ajSxcdUMt1sF7Y6E7Q=
go.opentelemetry.io/otel v1.38.0 h1:RkfdswUDRimDg0m2Az18RKOsnI8UDzppJAtj01/Ymk8=
go.opentelemetry.io/otel v1.38.0/go.mod h1:zcmtmQ1+YmQM9wrNsTGV/q/uyusom3P8RxwExxkZhjM=
go.opentelemetry.io/otel/exporters/stdout/stdoutmetric v1.38.0 h1:wm/Q0GAAykXv83wzcKzGGqAnnfLFyFe7RslekZuv+VI=
go.opentelemetry.io/otel/exporters/stdout/stdoutmetric v1.38.0/go.mod h1:ra3Pa40+oKjvYh+ZD3EdxFZZB0xdMfuileHAm4nNN7w=
go.opentelemetry.io/otel/metric v1.38.0 h1:Kl6lzIYGAh5M159u9NgiRkmoMKjvbsKtYRwgfrA6WpA=
go.opentelemetry.io/otel/metric v1.38.0/go.mod h1:kB5n/QoRM8YwmUahxvI3bO34eVtQf2i4utNVLr9gEmI=
go.opentelemetry.io/otel/sdk v1.38.0 h1:l48sr5YbNf2hpCUj/FoGhW9yDkl+Ma+LrVl8qaM5b+E=
go.opentelemetry.io/otel/sdk v1.38.0/go.mod h1:ghmNdGlVemJI3+ZB5iDEuk4bWA3GkTpW+DOoZMYBVVg=
go.opentelemetry.io/otel/sdk/metric v1.38.0 h1:aSH66iL0aZqo//xXzQLYozmWrXxyFkBJ6qT5wthqPoM=
go.opentelemetry.io/otel/sdk/metric v1.38.0/go.mod h1:dg9PBnW9XdQ1Hd6ZnRz689CbtrUp0wMMs9iPcgT9EZA=
go.opentelemetry.io/otel/trace v1.38.0 h1:Fxk5bKrDZJUH+AMyyIXGcFAPah0oRcT+LuNtJrmcNLE=
go.opentelemetry.io/otel/trace v1.38.0/go.mod h1:j1P9ivuFsTceSWe1oY+EeW3sc+Pp42sO++GHkg4wwhs=
go.uber.org/goleak v1.3.0 h1:2K3zAYmnTNqV73imy9J1T3WC+gmCePx2hEGkimedGto=
go.uber.org/goleak v1.3.0/go.mod h1:CoHD4mav9JJNrW/WLlf7HGZPjdw8EucARQHekz1X6bE=
go.uber.org/multierr v1.10.0 h1:S0h4aNzvfcFsC3dRF1jLoaov7oRaKqRGC/pUEJ2yvPQ=
go.uber.org/multierr v1.10.0/go.mod h1:20+QtiLqy0Nd6FdQB9TLXag12DsQkrbs3htMFfDN80Y=
go.uber.org/zap v1.27.1 h1:08RqriUEv8+ArZRYSTXy1LeBScaMpVSTBhCeaZYfMYc=
go.uber.org/zap v1.27.1/go.mod h1:GB2qFLM7cTU87MWRP2mPIjqfIDnGu+VIO4V/SdhGo2E=
go.yaml.in/yaml/v2 v2.4.2 h1:DzmwEr2rDGHl7lsFgAHxmNz/1NlQ7xLIrlN2h5d1eGI=
go.yaml.in/yaml/v2 v2.4.2/go.mod h1:081UH+NErpNdqlCXm3TtEran0rJZGxAYx9hb/ELlsPU=
go.yaml.in/yaml/v3 v3.0.4 h1:tfq32ie2Jv2UxXFdLJdh3jXuOzWiL1fo0bu/FbuKpbc=
go.yaml.in/yaml/v3 v3.0.4/go.mod h1:DhzuOOF2ATzADvBadXxruRBLzYTpT36CKvDb3+aBEFg=
golang.org/x/crypto v0.0.0-20190308221718-c2843e01d9a2/go.mod h1:djNgcEr1/C05ACkg1iLfiJU5Ep61QUkGW8qpdssI0+w=
golang.org/x/crypto v0.0.0-20191011191535-87dc89f01550/go.mod h1:yigFU9vqHzYiE8UmvKecakEJjdnWj3jj499lnFckfCI=
golang.org/x/crypto v0.0.0-20200622213623-75b288015ac9/go.mod h1:LzIPMQfyMNhhGPhUkYOs5KpL4U8rLKemX1yGLhDgUto=
golang.org/x/crypto v0.0.0-20210921155107-089bfa567519/go.mod h1:GvvjBRRGRdwPK5ydBHafDWAxML/pGHZbMvKqRZ5+Abc=
golang.org/x/crypto v0.0.0-20220622213112-05595931fe9d/go.mod h1:IxCIyHEi3zRg3s0A5j5BB6A9Jmi73HwBIUl50j+osU4=
golang.org/x/crypto v0.45.0 h1:jMBrvKuj23MTlT0bQEOBcAE0mjg8mK9RXFhRH6nyF3Q=
golang.org/x/crypto v0.45.0/go.mod h1:XTGrrkGJve7CYK7J8PEww4aY7gM3qMCElcJQ8n8JdX4=
golang.org/x/image v0.25.0 h1:Y6uW6rH1y5y/LK1J8BPWZtr6yZ7hrsy6hFrXjgsc2fQ=
golang.org/x/image v0.25.0/go.mod h1:tCAmOEGthTtkalusGp1g3xa2gke8J6c2N565dTyl9Rs=
golang.org/x/mod v0.2.0/go.mod h1:s0Qsj1ACt9ePp/hMypM3fl4fZqREWJwdYDEqhRiZZUA=
golang.org/x/mod v0.3.0/go.mod h1:s0Qsj1ACt9ePp/hMypM3fl4fZqREWJwdYDEqhRiZZUA=
golang.org/x/mod v0.6.0-dev.0.20220419223038-86c51ed26bb4/go.mod h1:jJ57K6gSWd91VN4djpZkiMVwK6gcyfeH4XE8wZrZaV4=
golang.org/x/net v0.0.0-20190404232315-eb5bcb51f2a3/go.mod h1:t9HGtf8HONx5eT2rtn7q6eTqICYqUVnKs3thJo3Qplg=
golang.org/x/net v0.0.0-20190620200207-3b0461eec859/go.mod h1:z5CRVTTTmAJ677TzLLGU+0bjPO0LkuOLi4/5GtJWs/s=
golang.org/x/net v0.0.0-20200226121028-0de0cce0169b/go.mod h1:z5CRVTTTmAJ677TzLLGU+0bjPO0LkuOLi4/5GtJWs/s=
golang.org/x/net v0.0.0-20201021035429-f5854403a974/go.mod h1:sp8m0HH+o8qH0wwXwYZr8TS3Oi6o0r6Gce1SSxlDquU=
golang.org/x/net v0.0.0-20210226172049-e18ecbb05110/go.mod h1:m0MpNAwzfU5UDzcl9v0D8zg8gWTRqZa9RBIspLL5mdg=
golang.org/x/net v0.0.0-20211112202133-69e39bad7dc2/go.mod h1:9nx3DQGgdP8bBQD5qxJ1jj9UTztislL4KSBs9R2vV5Y=
golang.org/x/net v0.0.0-20220722155237-a158d28d115b/go.mod h1:XRhObCWvk6IyKnWLug+ECip1KBveYUHfp+8e9klMJ9c=
golang.org/x/net v0.47.0 h1:Mx+4dIFzqraBXUugkia1OOvlD6LemFo1ALMHjrXDOhY=
golang.org/x/net v0.47.0/go.mod h1:/jNxtkgq5yWUGYkaZGqo27cfGZ1c5Nen03aYrrKpVRU=
golang.org/x/oauth2 v0.33.0 h1:4Q+qn+E5z8gPRJfmRy7C2gGG3T4jIprK6aSYgTXGRpo=
golang.org/x/oauth2 v0.33.0/go.mod h1:lzm5WQJQwKZ3nwavOZ3IS5Aulzxi68dUSgRHujetwEA=
golang.org/x/sync v0.0.0-20190423024810-112230192c58/go.mod h1:RxMgew5VJxzue5/jJTE5uejpjVlOe/izrB70Jof72aM=
golang.org/x/sync v0.0.0-20190911185100-cd5d95a43a6e/go.mod h1:RxMgew5VJxzue5/jJTE5uejpjVlOe/izrB70Jof72aM=
golang.org/x/sync v0.0.0-20201020160332-67f06af15bc9/go.mod h1:RxMgew5VJxzue5/jJTE5uejpjVlOe/izrB70Jof72aM=
golang.org/x/sync v0.0.0-20210220032951-036812b2e83c/go.mod h1:RxMgew5VJxzue5/jJTE5uejpjVlOe/izrB70Jof72aM=
golang.org/x/sync v0.0.0-20220722155255-886fb9371eb4/go.mod h1:RxMgew5VJxzue5/jJTE5uejpjVlOe/izrB70Jof72aM=
golang.org/x/sync v0.18.0 h1:kr88TuHDroi+UVf+0hZnirlk8o8T+4MrK6mr60WkH/I=
golang.org/x/sync v0.18.0/go.mod h1:9KTHXmSnoGruLpwFjVSX0lNNA75CykiMECbovNTZqGI=
golang.org/x/sys v0.0.0-20190215142949-d0b11bdaac8a/go.mod h1:STP8DvDyc/dI5b8T5hshtkjS+E42TnysNCUPdjciGhY=
golang.org/x/sys v0.0.0-20190412213103-97732733099d/go.mod h1:h1NjWce9XRLGQEsW7wpKNCjG9DtNlClVuFLEZdDNbEs=
golang.org/x/sys v0.0.0-20200930185726-fdedc70b468f/go.mod h1:h1NjWce9XRLGQEsW7wpKNCjG9DtNlClVuFLEZdDNbEs=
golang.org/x/sys v0.0.0-20201119102817-f84b799fce68/go.mod h1:h1NjWce9XRLGQEsW7wpKNCjG9DtNlClVuFLEZdDNbEs=
golang.org/x/sys v0.0.0-20210423082822-04245dca01da/go.mod h1:h1NjWce9XRLGQEsW7wpKNCjG9DtNlClVuFLEZdDNbEs=
golang.org/x/sys v0.0.0-20210615035016-665e8c7367d1/go.mod h1:oPkhp1MJrh7nUepCBck5+mAzfO9JrbApNNgaTdGDITg=
golang.org/x/sys v0.0.0-20220520151302-bc2c85ada10a/go.mod h1:oPkhp1MJrh7nUepCBck5+mAzfO9JrbApNNgaTdGDITg=
golang.org/x/sys v0.0.0-20220722155257-8c9f86f7a55f/go.mod h1:oPkhp1MJrh7nUepCBck5+mAzfO9JrbApNNgaTdGDITg=
golang.org/x/sys v0.1.0/go.mod h1:oPkhp1MJrh7nUepCBck5+mAzfO9JrbApNNgaTdGDITg=
golang.org/x/sys v0.38.0 h1:3yZWxaJjBmCWXqhN1qh02AkOnCQ1poK6oF+a7xWL6Gc=
golang.org/x/sys v0.38.0/go.mod h1:OgkHotnGiDImocRcuBABYBEXf8A9a87e/uXjp9XT3ks=
golang.org/x/term v0.0.0-20201126162022-7de9c90e9dd1/go.mod h1:bj7SfCRtBDWHUb9snDiAeCFNEtKQo2Wmx5Cou7ajbmo=
golang.org/x/term v0.0.0-20210927222741-03fcf44c2211/go.mod h1:jbD1KX2456YbFQfuXm/mYQcufACuNUgVhRMnK/tPxf8=
golang.org/x/text v0.3.0/go.mod h1:NqM8EUOU14njkJ3fqMW+pc6Ldnwhi/IjpwHt7yyuwOQ=
golang.org/x/text v0.3.3/go.mod h1:5Zoc/QRtKVWzQhOtBMvqHzDpF6irO9z98xDceosuGiQ=
golang.org/x/text v0.3.6/go.mod h1:5Zoc/QRtKVWzQhOtBMvqHzDpF6irO9z98xDceosuGiQ=
golang.org/x/text v0.3.7/go.mod h1:u+2+/6zg+i71rQMx5EYifcz6MCKuco9NR6JIITiCfzQ=
golang.org/x/text v0.3.8/go.mod h1:E6s5w1FMmriuDzIBO73fBruAKo1PCIq6d2Q6DHfQ8WQ=
golang.org/x/text v0.31.0 h1:aC8ghyu4JhP8VojJ2lEHBnochRno1sgL6nEi9WGFGMM=
golang.org/x/text v0.31.0/go.mod h1:tKRAlv61yKIjGGHX/4tP1LTbc13YSec1pxVEWXzfoeM=
golang.org/x/time v0.14.0 h1:MRx4UaLrDotUKUdCIqzPC48t1Y9hANFKIRpNx+Te8PI=
golang.org/x/time v0.14.0/go.mod h1:eL/Oa2bBBK0TkX57Fyni+NgnyQQN4LitPmob2Hjnqw4=
golang.org/x/tools v0.0.0-20180917221912-90fa682c2a6e/go.mod h1:n7NCudcB/nEzxVGmLbDWY5pfWTLqBcC2KZ6jyYvM4mQ=
golang.org/x/tools v0.0.0-20191119224855-298f0cb1881e/go.mod h1:b+2E5dAYhXwXZwtnZ6UAqBI28+e2cm9otk0dWdXHAEo=
golang.org/x/tools v0.0.0-20200619180055-7c47624df98f/go.mod h1:EkVYQZoAsY45+roYkvgYkIh4xh/qjgUK9TdY2XT94GE=
golang.org/x/tools v0.0.0-20210106214847-113979e3529a/go.mod h1:emZCQorbCU4vsT4fOWvOPXz4eW1wZW4PmDk9uLelYpA=
golang.org/x/tools v0.1.12/go.mod h1:hNGJHUnrk76NpqgfD5Aqm5Crs+Hm0VOH/i9J2+nxYbc=
golang.org/x/xerrors v0.0.0-20190717185122-a985d3407aa7/go.mod h1:I/5z698sn9Ka8TeJc9MKroUUfqBBauWjQqLJ2OPfmY0=
golang.org/x/xerrors v0.0.0-20191011141410-1b5146add898/go.mod h1:I/5z698sn9Ka8TeJc9MKroUUfqBBauWjQqLJ2OPfmY0=
golang.org/x/xerrors v0.0.0-20191204190536-9bdfabe68543/go.mod h1:I/5z698sn9Ka8TeJc9MKroUUfqBBauWjQqLJ2OPfmY0=
golang.org/x/xerrors v0.0.0-20200804184101-5ec99f83aff1/go.mod h1:I/5z698sn9Ka8TeJc9MKroUUfqBBauWjQqLJ2OPfmY0=
gonum.org/v1/gonum v0.16.0 h1:5+ul4Swaf3ESvrOnidPp4GZbzf0mxVQpDCYUQE7OJfk=
gonum.org/v1/gonum v0.16.0/go.mod h1:fef3am4MQ93R2HHpKnLk4/Tbh/s0+wqD5nfa6Pnwy4E=
google.golang.org/api v0.257.0 h1:8Y0lzvHlZps53PEaw+G29SsQIkuKrumGWs9puiexNAA=
google.golang.org/api v0.257.0/go.mod h1:4eJrr+vbVaZSqs7vovFd1Jb/A6ml6iw2e6FBYf3GAO4=
google.golang.org/genproto v0.0.0-20250922171735-9219d122eba9 h1:LvZVVaPE0JSqL+ZWb6ErZfnEOKIqqFWUJE2D0fObSmc=
google.golang.org/genproto v0.0.0-20250922171735-9219d122eba9/go.mod h1:QFOrLhdAe2PsTp3vQY4quuLKTi9j3XG3r6JPPaw7MSc=
google.golang.org/genproto/googleapis/api v0.0.0-20251111163417-95abcf5c77ba h1:B14OtaXuMaCQsl2deSvNkyPKIzq3BjfxQp8d00QyWx4=
google.golang.org/genproto/googleapis/api v0.0.0-20251111163417-95abcf5c77ba/go.mod h1:G5IanEx8/PgI9w6CFcYQf7jMtHQhZruvfM1i3qOqk5U=
google.golang.org/genproto/googleapis/rpc v0.0.0-20251124214823-79d6a2a48846 h1:Wgl1rcDNThT+Zn47YyCXOXyX/COgMTIdhJ717F0l4xk=
google.golang.org/genproto/googleapis/rpc v0.0.0-20251124214823-79d6a2a48846/go.mod h1:7i2o+ce6H/6BluujYR+kqX3GKH+dChPTQU19wjRPiGk=
google.golang.org/grpc v1.77.0 h1:wVVY6/8cGA6vvffn+wWK5ToddbgdU3d8MNENr4evgXM=
google.golang.org/grpc v1.77.0/go.mod h1:z0BY1iVj0q8E1uSQCjL9cppRj+gnZjzDnzV0dHhrNig=
google.golang.org/protobuf v1.26.0-rc.1/go.mod h1:jlhhOSvTdKEhbULTjvd4ARK9grFBp09yW+WbY/TyQbw=
google.golang.org/protobuf v1.27.1/go.mod h1:9q0QmTI4eRPtz6boOQmLYwt+qCgq0jsYwAQnmE0givc=
google.golang.org/protobuf v1.36.10 h1:AYd7cD/uASjIL6Q9LiTjz8JLcrh/88q5UObnmY3aOOE=
google.golang.org/protobuf v1.36.10/go.mod h1:HTf+CrKn2C3g5S8VImy6tdcUvCska2kB7j23XfzDpco=
gopkg.in/check.v1 v0.0.0-20161208181325-20d25e280405/go.mod h1:Co6ibVJAznAaIkqp8huTwlJQCZ016jof/cbN4VW5Yz0=
gopkg.in/check.v1 v1.0.0-20180628173108-788fd7840127/go.mod h1:Co6ibVJAznAaIkqp8huTwlJQCZ016jof/cbN4VW5Yz0=
gopkg.in/check.v1 v1.0.0-20201130134442-10cb98267c6c h1:Hei/4ADfdWqJk1ZMxUNpqntNwaWcugrBjAiHlqqRiVk=
gopkg.in/check.v1 v1.0.0-20201130134442-10cb98267c6c/go.mod h1:JHkPIbrfpd72SG/EVd6muEfDQjcINNoR0C8j2r3qZ4Q=
gopkg.in/yaml.v3 v3.0.0-20200313102051-9f266ea9e77c/go.mod h1:K4uyk7z7BCEPqu6E+C64Yfv1cQ7kz7rIZviUmN+EgEM=
gopkg.in/yaml.v3 v3.0.0-20210107192922-496545a6307b/go.mod h1:K4uyk7z7BCEPqu6E+C64Yfv1cQ7kz7rIZviUmN+EgEM=
gopkg.in/yaml.v3 v3.0.1 h1:fxVm/GzAzEWqLHuvctI91KS9hhNmmWOoWu0XTYJS7CA=
gopkg.in/yaml.v3 v3.0.1/go.mod h1:K4uyk7z7BCEPqu6E+C64Yfv1cQ7kz7rIZviUmN+EgEM=
